// !$*UTF8*$!
{
	archiveVersion = 1;
	classes = {
	};
	objectVersion = 50;
	objects = {

/* Begin PBXBuildFile section */
		C0003AE023EC63D8002307D1 /* DigitoView.swift in Sources */ = {isa = PBXBuildFile; fileRef = C0003ADF23EC63D8002307D1 /* DigitoView.swift */; };
		C0003AE223EC677E002307D1 /* Contador.swift in Sources */ = {isa = PBXBuildFile; fileRef = C0003AE123EC677E002307D1 /* Contador.swift */; };
		C004995623E960EF0045D4AD /* Cabecera.swift in Sources */ = {isa = PBXBuildFile; fileRef = C004995523E960EF0045D4AD /* Cabecera.swift */; };
		C004995823E972240045D4AD /* Fecha.swift in Sources */ = {isa = PBXBuildFile; fileRef = C004995723E972240045D4AD /* Fecha.swift */; };
		C004995B23E985F60045D4AD /* Date+Extension.swift in Sources */ = {isa = PBXBuildFile; fileRef = C004995A23E985F60045D4AD /* Date+Extension.swift */; };
		C004995D23E98E150045D4AD /* MiTimer.swift in Sources */ = {isa = PBXBuildFile; fileRef = C004995C23E98E150045D4AD /* MiTimer.swift */; };
		C0AE552F23E325A1007A4E27 /* VistaSelectorDate.swift in Sources */ = {isa = PBXBuildFile; fileRef = C0AE552E23E325A1007A4E27 /* VistaSelectorDate.swift */; };
		C0AE553123E328DA007A4E27 /* MainView.swift in Sources */ = {isa = PBXBuildFile; fileRef = C0AE553023E328DA007A4E27 /* MainView.swift */; };
		C0AEA4B123E18091002FD6B7 /* AppDelegate.swift in Sources */ = {isa = PBXBuildFile; fileRef = C0AEA4B023E18091002FD6B7 /* AppDelegate.swift */; };
		C0AEA4B323E18091002FD6B7 /* SceneDelegate.swift in Sources */ = {isa = PBXBuildFile; fileRef = C0AEA4B223E18091002FD6B7 /* SceneDelegate.swift */; };
		C0AEA4B523E18091002FD6B7 /* ContentView.swift in Sources */ = {isa = PBXBuildFile; fileRef = C0AEA4B423E18091002FD6B7 /* ContentView.swift */; };
		C0AEA4B723E18093002FD6B7 /* Assets.xcassets in Resources */ = {isa = PBXBuildFile; fileRef = C0AEA4B623E18093002FD6B7 /* Assets.xcassets */; };
		C0AEA4BA23E18093002FD6B7 /* Preview Assets.xcassets in Resources */ = {isa = PBXBuildFile; fileRef = C0AEA4B923E18093002FD6B7 /* Preview Assets.xcassets */; };
		C0AEA4BD23E18093002FD6B7 /* LaunchScreen.storyboard in Resources */ = {isa = PBXBuildFile; fileRef = C0AEA4BB23E18093002FD6B7 /* LaunchScreen.storyboard */; };
		C0AEA4E223E18144002FD6B7 /* Gratificacion.swift in Sources */ = {isa = PBXBuildFile; fileRef = C0AEA4E123E18144002FD6B7 /* Gratificacion.swift */; };
		C0E79E7523EC3F96003E986A /* CountDownView.swift in Sources */ = {isa = PBXBuildFile; fileRef = C0E79E7423EC3F96003E986A /* CountDownView.swift */; };
/* End PBXBuildFile section */

/* Begin PBXFileReference section */
		C0003ADF23EC63D8002307D1 /* DigitoView.swift */ = {isa = PBXFileReference; lastKnownFileType = sourcecode.swift; path = DigitoView.swift; sourceTree = "<group>"; };
		C0003AE123EC677E002307D1 /* Contador.swift */ = {isa = PBXFileReference; lastKnownFileType = sourcecode.swift; path = Contador.swift; sourceTree = "<group>"; };
		C004995523E960EF0045D4AD /* Cabecera.swift */ = {isa = PBXFileReference; lastKnownFileType = sourcecode.swift; path = Cabecera.swift; sourceTree = "<group>"; };
		C004995723E972240045D4AD /* Fecha.swift */ = {isa = PBXFileReference; lastKnownFileType = sourcecode.swift; path = Fecha.swift; sourceTree = "<group>"; };
		C004995A23E985F60045D4AD /* Date+Extension.swift */ = {isa = PBXFileReference; lastKnownFileType = sourcecode.swift; path = "Date+Extension.swift"; sourceTree = "<group>"; };
		C004995C23E98E150045D4AD /* MiTimer.swift */ = {isa = PBXFileReference; lastKnownFileType = sourcecode.swift; path = MiTimer.swift; sourceTree = "<group>"; };
		C0AE552E23E325A1007A4E27 /* VistaSelectorDate.swift */ = {isa = PBXFileReference; lastKnownFileType = sourcecode.swift; path = VistaSelectorDate.swift; sourceTree = "<group>"; };
		C0AE553023E328DA007A4E27 /* MainView.swift */ = {isa = PBXFileReference; lastKnownFileType = sourcecode.swift; path = MainView.swift; sourceTree = "<group>"; };
		C0AEA4AD23E18091002FD6B7 /* Funcionario.app */ = {isa = PBXFileReference; explicitFileType = wrapper.application; includeInIndex = 0; path = Funcionario.app; sourceTree = BUILT_PRODUCTS_DIR; };
		C0AEA4B023E18091002FD6B7 /* AppDelegate.swift */ = {isa = PBXFileReference; lastKnownFileType = sourcecode.swift; path = AppDelegate.swift; sourceTree = "<group>"; };
		C0AEA4B223E18091002FD6B7 /* SceneDelegate.swift */ = {isa = PBXFileReference; lastKnownFileType = sourcecode.swift; path = SceneDelegate.swift; sourceTree = "<group>"; };
		C0AEA4B423E18091002FD6B7 /* ContentView.swift */ = {isa = PBXFileReference; lastKnownFileType = sourcecode.swift; path = ContentView.swift; sourceTree = "<group>"; };
		C0AEA4B623E18093002FD6B7 /* Assets.xcassets */ = {isa = PBXFileReference; lastKnownFileType = folder.assetcatalog; path = Assets.xcassets; sourceTree = "<group>"; };
		C0AEA4B923E18093002FD6B7 /* Preview Assets.xcassets */ = {isa = PBXFileReference; lastKnownFileType = folder.assetcatalog; path = "Preview Assets.xcassets"; sourceTree = "<group>"; };
		C0AEA4BC23E18093002FD6B7 /* Base */ = {isa = PBXFileReference; lastKnownFileType = file.storyboard; name = Base; path = Base.lproj/LaunchScreen.storyboard; sourceTree = "<group>"; };
		C0AEA4BE23E18093002FD6B7 /* Info.plist */ = {isa = PBXFileReference; lastKnownFileType = text.plist.xml; path = Info.plist; sourceTree = "<group>"; };
		C0AEA4E123E18144002FD6B7 /* Gratificacion.swift */ = {isa = PBXFileReference; lastKnownFileType = sourcecode.swift; path = Gratificacion.swift; sourceTree = "<group>"; };
		C0E79E7423EC3F96003E986A /* CountDownView.swift */ = {isa = PBXFileReference; lastKnownFileType = sourcecode.swift; path = CountDownView.swift; sourceTree = "<group>"; };
/* End PBXFileReference section */

/* Begin PBXFrameworksBuildPhase section */
		C0AEA4AA23E18091002FD6B7 /* Frameworks */ = {
			isa = PBXFrameworksBuildPhase;
			buildActionMask = 2147483647;
			files = (
			);
			runOnlyForDeploymentPostprocessing = 0;
		};
/* End PBXFrameworksBuildPhase section */

/* Begin PBXGroup section */
		C004995423E960C90045D4AD /* Views */ = {
			isa = PBXGroup;
			children = (
				C0AEA4B423E18091002FD6B7 /* ContentView.swift */,
				C0AE552E23E325A1007A4E27 /* VistaSelectorDate.swift */,
				C0AE553023E328DA007A4E27 /* MainView.swift */,
				C004995523E960EF0045D4AD /* Cabecera.swift */,
				C0E79E7423EC3F96003E986A /* CountDownView.swift */,
				C0003ADF23EC63D8002307D1 /* DigitoView.swift */,
			);
			path = Views;
			sourceTree = "<group>";
		};
		C004995923E985D30045D4AD /* Extensions */ = {
			isa = PBXGroup;
			children = (
				C004995A23E985F60045D4AD /* Date+Extension.swift */,
			);
			path = Extensions;
			sourceTree = "<group>";
		};
		C0AEA4A423E18091002FD6B7 = {
			isa = PBXGroup;
			children = (
				C0AEA4AF23E18091002FD6B7 /* Funcionario */,
				C0AEA4AE23E18091002FD6B7 /* Products */,
			);
			sourceTree = "<group>";
		};
		C0AEA4AE23E18091002FD6B7 /* Products */ = {
			isa = PBXGroup;
			children = (
				C0AEA4AD23E18091002FD6B7 /* Funcionario.app */,
			);
			name = Products;
			sourceTree = "<group>";
		};
		C0AEA4AF23E18091002FD6B7 /* Funcionario */ = {
			isa = PBXGroup;
			children = (
				C004995923E985D30045D4AD /* Extensions */,
				C004995423E960C90045D4AD /* Views */,
				C0AEA4E023E180A7002FD6B7 /* Modelo */,
				C0AEA4B023E18091002FD6B7 /* AppDelegate.swift */,
				C0AEA4B223E18091002FD6B7 /* SceneDelegate.swift */,
				C0AEA4B623E18093002FD6B7 /* Assets.xcassets */,
				C0AEA4BB23E18093002FD6B7 /* LaunchScreen.storyboard */,
				C0AEA4BE23E18093002FD6B7 /* Info.plist */,
				C0AEA4B823E18093002FD6B7 /* Preview Content */,
			);
			path = Funcionario;
			sourceTree = "<group>";
		};
		C0AEA4B823E18093002FD6B7 /* Preview Content */ = {
			isa = PBXGroup;
			children = (
				C0AEA4B923E18093002FD6B7 /* Preview Assets.xcassets */,
			);
			path = "Preview Content";
			sourceTree = "<group>";
		};
		C0AEA4E023E180A7002FD6B7 /* Modelo */ = {
			isa = PBXGroup;
			children = (
				C0AEA4E123E18144002FD6B7 /* Gratificacion.swift */,
				C004995723E972240045D4AD /* Fecha.swift */,
				C004995C23E98E150045D4AD /* MiTimer.swift */,
				C0003AE123EC677E002307D1 /* Contador.swift */,
			);
			path = Modelo;
			sourceTree = "<group>";
		};
/* End PBXGroup section */

/* Begin PBXNativeTarget section */
		C0AEA4AC23E18091002FD6B7 /* Funcionario */ = {
			isa = PBXNativeTarget;
			buildConfigurationList = C0AEA4D723E18093002FD6B7 /* Build configuration list for PBXNativeTarget "Funcionario" */;
			buildPhases = (
				C0AEA4A923E18091002FD6B7 /* Sources */,
				C0AEA4AA23E18091002FD6B7 /* Frameworks */,
				C0AEA4AB23E18091002FD6B7 /* Resources */,
			);
			buildRules = (
			);
			dependencies = (
			);
			name = Funcionario;
			productName = Funcionario;
			productReference = C0AEA4AD23E18091002FD6B7 /* Funcionario.app */;
			productType = "com.apple.product-type.application";
		};
/* End PBXNativeTarget section */

/* Begin PBXProject section */
		C0AEA4A523E18091002FD6B7 /* Project object */ = {
			isa = PBXProject;
			attributes = {
				LastSwiftUpdateCheck = 1130;
				LastUpgradeCheck = 1130;
				ORGANIZATIONNAME = "Alberto Banet Masa";
				TargetAttributes = {
					C0AEA4AC23E18091002FD6B7 = {
						CreatedOnToolsVersion = 11.3.1;
					};
				};
			};
			buildConfigurationList = C0AEA4A823E18091002FD6B7 /* Build configuration list for PBXProject "Funcionario" */;
			compatibilityVersion = "Xcode 9.3";
			developmentRegion = en;
			hasScannedForEncodings = 0;
			knownRegions = (
				en,
				Base,
			);
			mainGroup = C0AEA4A423E18091002FD6B7;
			productRefGroup = C0AEA4AE23E18091002FD6B7 /* Products */;
			projectDirPath = "";
			projectRoot = "";
			targets = (
				C0AEA4AC23E18091002FD6B7 /* Funcionario */,
			);
		};
/* End PBXProject section */

/* Begin PBXResourcesBuildPhase section */
		C0AEA4AB23E18091002FD6B7 /* Resources */ = {
			isa = PBXResourcesBuildPhase;
			buildActionMask = 2147483647;
			files = (
				C0AEA4BD23E18093002FD6B7 /* LaunchScreen.storyboard in Resources */,
				C0AEA4BA23E18093002FD6B7 /* Preview Assets.xcassets in Resources */,
				C0AEA4B723E18093002FD6B7 /* Assets.xcassets in Resources */,
			);
			runOnlyForDeploymentPostprocessing = 0;
		};
/* End PBXResourcesBuildPhase section */

/* Begin PBXSourcesBuildPhase section */
		C0AEA4A923E18091002FD6B7 /* Sources */ = {
			isa = PBXSourcesBuildPhase;
			buildActionMask = 2147483647;
			files = (
				C0AEA4B123E18091002FD6B7 /* AppDelegate.swift in Sources */,
				C0AE553123E328DA007A4E27 /* MainView.swift in Sources */,
				C0AEA4E223E18144002FD6B7 /* Gratificacion.swift in Sources */,
				C004995623E960EF0045D4AD /* Cabecera.swift in Sources */,
				C0AE552F23E325A1007A4E27 /* VistaSelectorDate.swift in Sources */,
				C004995D23E98E150045D4AD /* MiTimer.swift in Sources */,
				C0003AE023EC63D8002307D1 /* DigitoView.swift in Sources */,
				C004995823E972240045D4AD /* Fecha.swift in Sources */,
				C0AEA4B323E18091002FD6B7 /* SceneDelegate.swift in Sources */,
				C0AEA4B523E18091002FD6B7 /* ContentView.swift in Sources */,
				C004995B23E985F60045D4AD /* Date+Extension.swift in Sources */,
				C0003AE223EC677E002307D1 /* Contador.swift in Sources */,
				C0E79E7523EC3F96003E986A /* CountDownView.swift in Sources */,
			);
			runOnlyForDeploymentPostprocessing = 0;
		};
/* End PBXSourcesBuildPhase section */

/* Begin PBXVariantGroup section */
		C0AEA4BB23E18093002FD6B7 /* LaunchScreen.storyboard */ = {
			isa = PBXVariantGroup;
			children = (
				C0AEA4BC23E18093002FD6B7 /* Base */,
			);
			name = LaunchScreen.storyboard;
			sourceTree = "<group>";
		};
/* End PBXVariantGroup section */

/* Begin XCBuildConfiguration section */
		C0AEA4D523E18093002FD6B7 /* Debug */ = {
			isa = XCBuildConfiguration;
			buildSettings = {
				ALWAYS_SEARCH_USER_PATHS = NO;
				CLANG_ANALYZER_NONNULL = YES;
				CLANG_ANALYZER_NUMBER_OBJECT_CONVERSION = YES_AGGRESSIVE;
				CLANG_CXX_LANGUAGE_STANDARD = "gnu++14";
				CLANG_CXX_LIBRARY = "libc++";
				CLANG_ENABLE_MODULES = YES;
				CLANG_ENABLE_OBJC_ARC = YES;
				CLANG_ENABLE_OBJC_WEAK = YES;
				CLANG_WARN_BLOCK_CAPTURE_AUTORELEASING = YES;
				CLANG_WARN_BOOL_CONVERSION = YES;
				CLANG_WARN_COMMA = YES;
				CLANG_WARN_CONSTANT_CONVERSION = YES;
				CLANG_WARN_DEPRECATED_OBJC_IMPLEMENTATIONS = YES;
				CLANG_WARN_DIRECT_OBJC_ISA_USAGE = YES_ERROR;
				CLANG_WARN_DOCUMENTATION_COMMENTS = YES;
				CLANG_WARN_EMPTY_BODY = YES;
				CLANG_WARN_ENUM_CONVERSION = YES;
				CLANG_WARN_INFINITE_RECURSION = YES;
				CLANG_WARN_INT_CONVERSION = YES;
				CLANG_WARN_NON_LITERAL_NULL_CONVERSION = YES;
				CLANG_WARN_OBJC_IMPLICIT_RETAIN_SELF = YES;
				CLANG_WARN_OBJC_LITERAL_CONVERSION = YES;
				CLANG_WARN_OBJC_ROOT_CLASS = YES_ERROR;
				CLANG_WARN_RANGE_LOOP_ANALYSIS = YES;
				CLANG_WARN_STRICT_PROTOTYPES = YES;
				CLANG_WARN_SUSPICIOUS_MOVE = YES;
				CLANG_WARN_UNGUARDED_AVAILABILITY = YES_AGGRESSIVE;
				CLANG_WARN_UNREACHABLE_CODE = YES;
				CLANG_WARN__DUPLICATE_METHOD_MATCH = YES;
				COPY_PHASE_STRIP = NO;
				DEBUG_INFORMATION_FORMAT = dwarf;
				ENABLE_STRICT_OBJC_MSGSEND = YES;
				ENABLE_TESTABILITY = YES;
				GCC_C_LANGUAGE_STANDARD = gnu11;
				GCC_DYNAMIC_NO_PIC = NO;
				GCC_NO_COMMON_BLOCKS = YES;
				GCC_OPTIMIZATION_LEVEL = 0;
				GCC_PREPROCESSOR_DEFINITIONS = (
					"DEBUG=1",
					"$(inherited)",
				);
				GCC_WARN_64_TO_32_BIT_CONVERSION = YES;
				GCC_WARN_ABOUT_RETURN_TYPE = YES_ERROR;
				GCC_WARN_UNDECLARED_SELECTOR = YES;
				GCC_WARN_UNINITIALIZED_AUTOS = YES_AGGRESSIVE;
				GCC_WARN_UNUSED_FUNCTION = YES;
				GCC_WARN_UNUSED_VARIABLE = YES;
				IPHONEOS_DEPLOYMENT_TARGET = 13.4;
				MTL_ENABLE_DEBUG_INFO = INCLUDE_SOURCE;
				MTL_FAST_MATH = YES;
				ONLY_ACTIVE_ARCH = YES;
				SDKROOT = iphoneos;
				SWIFT_ACTIVE_COMPILATION_CONDITIONS = DEBUG;
				SWIFT_OPTIMIZATION_LEVEL = "-Onone";
			};
			name = Debug;
		};
		C0AEA4D623E18093002FD6B7 /* Release */ = {
			isa = XCBuildConfiguration;
			buildSettings = {
				ALWAYS_SEARCH_USER_PATHS = NO;
				CLANG_ANALYZER_NONNULL = YES;
				CLANG_ANALYZER_NUMBER_OBJECT_CONVERSION = YES_AGGRESSIVE;
				CLANG_CXX_LANGUAGE_STANDARD = "gnu++14";
				CLANG_CXX_LIBRARY = "libc++";
				CLANG_ENABLE_MODULES = YES;
				CLANG_ENABLE_OBJC_ARC = YES;
				CLANG_ENABLE_OBJC_WEAK = YES;
				CLANG_WARN_BLOCK_CAPTURE_AUTORELEASING = YES;
				CLANG_WARN_BOOL_CONVERSION = YES;
				CLANG_WARN_COMMA = YES;
				CLANG_WARN_CONSTANT_CONVERSION = YES;
				CLANG_WARN_DEPRECATED_OBJC_IMPLEMENTATIONS = YES;
				CLANG_WARN_DIRECT_OBJC_ISA_USAGE = YES_ERROR;
				CLANG_WARN_DOCUMENTATION_COMMENTS = YES;
				CLANG_WARN_EMPTY_BODY = YES;
				CLANG_WARN_ENUM_CONVERSION = YES;
				CLANG_WARN_INFINITE_RECURSION = YES;
				CLANG_WARN_INT_CONVERSION = YES;
				CLANG_WARN_NON_LITERAL_NULL_CONVERSION = YES;
				CLANG_WARN_OBJC_IMPLICIT_RETAIN_SELF = YES;
				CLANG_WARN_OBJC_LITERAL_CONVERSION = YES;
				CLANG_WARN_OBJC_ROOT_CLASS = YES_ERROR;
				CLANG_WARN_RANGE_LOOP_ANALYSIS = YES;
				CLANG_WARN_STRICT_PROTOTYPES = YES;
				CLANG_WARN_SUSPICIOUS_MOVE = YES;
				CLANG_WARN_UNGUARDED_AVAILABILITY = YES_AGGRESSIVE;
				CLANG_WARN_UNREACHABLE_CODE = YES;
				CLANG_WARN__DUPLICATE_METHOD_MATCH = YES;
				COPY_PHASE_STRIP = NO;
				DEBUG_INFORMATION_FORMAT = "dwarf-with-dsym";
				ENABLE_NS_ASSERTIONS = NO;
				ENABLE_STRICT_OBJC_MSGSEND = YES;
				GCC_C_LANGUAGE_STANDARD = gnu11;
				GCC_NO_COMMON_BLOCKS = YES;
				GCC_WARN_64_TO_32_BIT_CONVERSION = YES;
				GCC_WARN_ABOUT_RETURN_TYPE = YES_ERROR;
				GCC_WARN_UNDECLARED_SELECTOR = YES;
				GCC_WARN_UNINITIALIZED_AUTOS = YES_AGGRESSIVE;
				GCC_WARN_UNUSED_FUNCTION = YES;
				GCC_WARN_UNUSED_VARIABLE = YES;
				IPHONEOS_DEPLOYMENT_TARGET = 13.4;
				MTL_ENABLE_DEBUG_INFO = NO;
				MTL_FAST_MATH = YES;
				SDKROOT = iphoneos;
				SWIFT_COMPILATION_MODE = wholemodule;
				SWIFT_OPTIMIZATION_LEVEL = "-O";
				VALIDATE_PRODUCT = YES;
			};
			name = Release;
		};
		C0AEA4D823E18093002FD6B7 /* Debug */ = {
			isa = XCBuildConfiguration;
			buildSettings = {
				ASSETCATALOG_COMPILER_APPICON_NAME = AppIcon;
				CODE_SIGN_STYLE = Automatic;
				DEVELOPMENT_ASSET_PATHS = "\"Funcionario/Preview Content\"";
				DEVELOPMENT_TEAM = FLU98JG66T;
				ENABLE_PREVIEWS = YES;
				INFOPLIST_FILE = Funcionario/Info.plist;
				IPHONEOS_DEPLOYMENT_TARGET = 13.2;
				LD_RUNPATH_SEARCH_PATHS = (
					"$(inherited)",
					"@executable_path/Frameworks",
				);
				PRODUCT_BUNDLE_IDENTIFIER = es.codigoswift.Funcionario;
				PRODUCT_NAME = "$(TARGET_NAME)";
				SWIFT_VERSION = 5.0;
				TARGETED_DEVICE_FAMILY = 1;
			};
			name = Debug;
		};
		C0AEA4D923E18093002FD6B7 /* Release */ = {
			isa = XCBuildConfiguration;
			buildSettings = {
				ASSETCATALOG_COMPILER_APPICON_NAME = AppIcon;
				CODE_SIGN_STYLE = Automatic;
				DEVELOPMENT_ASSET_PATHS = "\"Funcionario/Preview Content\"";
				DEVELOPMENT_TEAM = FLU98JG66T;
				ENABLE_PREVIEWS = YES;
				INFOPLIST_FILE = Funcionario/Info.plist;
				IPHONEOS_DEPLOYMENT_TARGET = 13.2;
				LD_RUNPATH_SEARCH_PATHS = (
					"$(inherited)",
					"@executable_path/Frameworks",
				);
				PRODUCT_BUNDLE_IDENTIFIER = es.codigoswift.Funcionario;
				PRODUCT_NAME = "$(TARGET_NAME)";
				SWIFT_VERSION = 5.0;
				TARGETED_DEVICE_FAMILY = 1;
			};
			name = Release;
		};
/* End XCBuildConfiguration section */

/* Begin XCConfigurationList section */
		C0AEA4A823E18091002FD6B7 /* Build configuration list for PBXProject "Funcionario" */ = {
			isa = XCConfigurationList;
			buildConfigurations = (
				C0AEA4D523E18093002FD6B7 /* Debug */,
				C0AEA4D623E18093002FD6B7 /* Release */,
			);
			defaultConfigurationIsVisible = 0;
			defaultConfigurationName = Release;
		};
		C0AEA4D723E18093002FD6B7 /* Build configuration list for PBXNativeTarget "Funcionario" */ = {
			isa = XCConfigurationList;
			buildConfigurations = (
				C0AEA4D823E18093002FD6B7 /* Debug */,
				C0AEA4D923E18093002FD6B7 /* Release */,
			);
			defaultConfigurationIsVisible = 0;
			defaultConfigurationName = Release;
		};
/* End XCConfigurationList section */
	};
	rootObject = C0AEA4A523E18091002FD6B7 /* Project object */;
}
