// !$*UTF8*$!
{
	archiveVersion = 1;
	classes = {
	};
	objectVersion = 50;
	objects = {

/* Begin PBXBuildFile section */
		C0AE552F23E325A1007A4E27 /* VistaSelectorDate.swift in Sources */ = {isa = PBXBuildFile; fileRef = C0AE552E23E325A1007A4E27 /* VistaSelectorDate.swift */; };
		C0AE553123E328DA007A4E27 /* MainView.swift in Sources */ = {isa = PBXBuildFile; fileRef = C0AE553023E328DA007A4E27 /* MainView.swift */; };
		C0AEA4B123E18091002FD6B7 /* AppDelegate.swift in Sources */ = {isa = PBXBuildFile; fileRef = C0AEA4B023E18091002FD6B7 /* AppDelegate.swift */; };
		C0AEA4B323E18091002FD6B7 /* SceneDelegate.swift in Sources */ = {isa = PBXBuildFile; fileRef = C0AEA4B223E18091002FD6B7 /* SceneDelegate.swift */; };
		C0AEA4B523E18091002FD6B7 /* ContentView.swift in Sources */ = {isa = PBXBuildFile; fileRef = C0AEA4B423E18091002FD6B7 /* ContentView.swift */; };
		C0AEA4B723E18093002FD6B7 /* Assets.xcassets in Resources */ = {isa = PBXBuildFile; fileRef = C0AEA4B623E18093002FD6B7 /* Assets.xcassets */; };
		C0AEA4BA23E18093002FD6B7 /* Preview Assets.xcassets in Resources */ = {isa = PBXBuildFile; fileRef = C0AEA4B923E18093002FD6B7 /* Preview Assets.xcassets */; };
		C0AEA4BD23E18093002FD6B7 /* LaunchScreen.storyboard in Resources */ = {isa = PBXBuildFile; fileRef = C0AEA4BB23E18093002FD6B7 /* LaunchScreen.storyboard */; };
		C0AEA4C823E18093002FD6B7 /* FuncionarioTests.swift in Sources */ = {isa = PBXBuildFile; fileRef = C0AEA4C723E18093002FD6B7 /* FuncionarioTests.swift */; };
		C0AEA4D323E18093002FD6B7 /* FuncionarioUITests.swift in Sources */ = {isa = PBXBuildFile; fileRef = C0AEA4D223E18093002FD6B7 /* FuncionarioUITests.swift */; };
		C0AEA4E223E18144002FD6B7 /* Gratificacion.swift in Sources */ = {isa = PBXBuildFile; fileRef = C0AEA4E123E18144002FD6B7 /* Gratificacion.swift */; };
/* End PBXBuildFile section */

/* Begin PBXContainerItemProxy section */
		C0AEA4C423E18093002FD6B7 /* PBXContainerItemProxy */ = {
			isa = PBXContainerItemProxy;
			containerPortal = C0AEA4A523E18091002FD6B7 /* Project object */;
			proxyType = 1;
			remoteGlobalIDString = C0AEA4AC23E18091002FD6B7;
			remoteInfo = Funcionario;
		};
		C0AEA4CF23E18093002FD6B7 /* PBXContainerItemProxy */ = {
			isa = PBXContainerItemProxy;
			containerPortal = C0AEA4A523E18091002FD6B7 /* Project object */;
			proxyType = 1;
			remoteGlobalIDString = C0AEA4AC23E18091002FD6B7;
			remoteInfo = Funcionario;
		};
/* End PBXContainerItemProxy section */

/* Begin PBXFileReference section */
		C0AE552E23E325A1007A4E27 /* VistaSelectorDate.swift */ = {isa = PBXFileReference; lastKnownFileType = sourcecode.swift; path = VistaSelectorDate.swift; sourceTree = "<group>"; };
		C0AE553023E328DA007A4E27 /* MainView.swift */ = {isa = PBXFileReference; lastKnownFileType = sourcecode.swift; path = MainView.swift; sourceTree = "<group>"; };
		C0AEA4AD23E18091002FD6B7 /* Funcionario.app */ = {isa = PBXFileReference; explicitFileType = wrapper.application; includeInIndex = 0; path = Funcionario.app; sourceTree = BUILT_PRODUCTS_DIR; };
		C0AEA4B023E18091002FD6B7 /* AppDelegate.swift */ = {isa = PBXFileReference; lastKnownFileType = sourcecode.swift; path = AppDelegate.swift; sourceTree = "<group>"; };
		C0AEA4B223E18091002FD6B7 /* SceneDelegate.swift */ = {isa = PBXFileReference; lastKnownFileType = sourcecode.swift; path = SceneDelegate.swift; sourceTree = "<group>"; };
		C0AEA4B423E18091002FD6B7 /* ContentView.swift */ = {isa = PBXFileReference; lastKnownFileType = sourcecode.swift; path = ContentView.swift; sourceTree = "<group>"; };
		C0AEA4B623E18093002FD6B7 /* Assets.xcassets */ = {isa = PBXFileReference; lastKnownFileType = folder.assetcatalog; path = Assets.xcassets; sourceTree = "<group>"; };
		C0AEA4B923E18093002FD6B7 /* Preview Assets.xcassets */ = {isa = PBXFileReference; lastKnownFileType = folder.assetcatalog; path = "Preview Assets.xcassets"; sourceTree = "<group>"; };
		C0AEA4BC23E18093002FD6B7 /* Base */ = {isa = PBXFileReference; lastKnownFileType = file.storyboard; name = Base; path = Base.lproj/LaunchScreen.storyboard; sourceTree = "<group>"; };
		C0AEA4BE23E18093002FD6B7 /* Info.plist */ = {isa = PBXFileReference; lastKnownFileType = text.plist.xml; path = Info.plist; sourceTree = "<group>"; };
		C0AEA4C323E18093002FD6B7 /* FuncionarioTests.xctest */ = {isa = PBXFileReference; explicitFileType = wrapper.cfbundle; includeInIndex = 0; path = FuncionarioTests.xctest; sourceTree = BUILT_PRODUCTS_DIR; };
		C0AEA4C723E18093002FD6B7 /* FuncionarioTests.swift */ = {isa = PBXFileReference; lastKnownFileType = sourcecode.swift; path = FuncionarioTests.swift; sourceTree = "<group>"; };
		C0AEA4C923E18093002FD6B7 /* Info.plist */ = {isa = PBXFileReference; lastKnownFileType = text.plist.xml; path = Info.plist; sourceTree = "<group>"; };
		C0AEA4CE23E18093002FD6B7 /* FuncionarioUITests.xctest */ = {isa = PBXFileReference; explicitFileType = wrapper.cfbundle; includeInIndex = 0; path = FuncionarioUITests.xctest; sourceTree = BUILT_PRODUCTS_DIR; };
		C0AEA4D223E18093002FD6B7 /* FuncionarioUITests.swift */ = {isa = PBXFileReference; lastKnownFileType = sourcecode.swift; path = FuncionarioUITests.swift; sourceTree = "<group>"; };
		C0AEA4D423E18093002FD6B7 /* Info.plist */ = {isa = PBXFileReference; lastKnownFileType = text.plist.xml; path = Info.plist; sourceTree = "<group>"; };
		C0AEA4E123E18144002FD6B7 /* Gratificacion.swift */ = {isa = PBXFileReference; lastKnownFileType = sourcecode.swift; path = Gratificacion.swift; sourceTree = "<group>"; };
/* End PBXFileReference section */

/* Begin PBXFrameworksBuildPhase section */
		C0AEA4AA23E18091002FD6B7 /* Frameworks */ = {
			isa = PBXFrameworksBuildPhase;
			buildActionMask = 2147483647;
			files = (
			);
			runOnlyForDeploymentPostprocessing = 0;
		};
		C0AEA4C023E18093002FD6B7 /* Frameworks */ = {
			isa = PBXFrameworksBuildPhase;
			buildActionMask = 2147483647;
			files = (
			);
			runOnlyForDeploymentPostprocessing = 0;
		};
		C0AEA4CB23E18093002FD6B7 /* Frameworks */ = {
			isa = PBXFrameworksBuildPhase;
			buildActionMask = 2147483647;
			files = (
			);
			runOnlyForDeploymentPostprocessing = 0;
		};
/* End PBXFrameworksBuildPhase section */

/* Begin PBXGroup section */
		C0AEA4A423E18091002FD6B7 = {
			isa = PBXGroup;
			children = (
				C0AEA4AF23E18091002FD6B7 /* Funcionario */,
				C0AEA4C623E18093002FD6B7 /* FuncionarioTests */,
				C0AEA4D123E18093002FD6B7 /* FuncionarioUITests */,
				C0AEA4AE23E18091002FD6B7 /* Products */,
			);
			sourceTree = "<group>";
		};
		C0AEA4AE23E18091002FD6B7 /* Products */ = {
			isa = PBXGroup;
			children = (
				C0AEA4AD23E18091002FD6B7 /* Funcionario.app */,
				C0AEA4C323E18093002FD6B7 /* FuncionarioTests.xctest */,
				C0AEA4CE23E18093002FD6B7 /* FuncionarioUITests.xctest */,
			);
			name = Products;
			sourceTree = "<group>";
		};
		C0AEA4AF23E18091002FD6B7 /* Funcionario */ = {
			isa = PBXGroup;
			children = (
				C0AEA4E023E180A7002FD6B7 /* Modelo */,
				C0AEA4B023E18091002FD6B7 /* AppDelegate.swift */,
				C0AEA4B223E18091002FD6B7 /* SceneDelegate.swift */,
				C0AEA4B423E18091002FD6B7 /* ContentView.swift */,
				C0AEA4B623E18093002FD6B7 /* Assets.xcassets */,
				C0AEA4BB23E18093002FD6B7 /* LaunchScreen.storyboard */,
				C0AEA4BE23E18093002FD6B7 /* Info.plist */,
				C0AEA4B823E18093002FD6B7 /* Preview Content */,
				C0AE552E23E325A1007A4E27 /* VistaSelectorDate.swift */,
				C0AE553023E328DA007A4E27 /* MainView.swift */,
			);
			path = Funcionario;
			sourceTree = "<group>";
		};
		C0AEA4B823E18093002FD6B7 /* Preview Content */ = {
			isa = PBXGroup;
			children = (
				C0AEA4B923E18093002FD6B7 /* Preview Assets.xcassets */,
			);
			path = "Preview Content";
			sourceTree = "<group>";
		};
		C0AEA4C623E18093002FD6B7 /* FuncionarioTests */ = {
			isa = PBXGroup;
			children = (
				C0AEA4C723E18093002FD6B7 /* FuncionarioTests.swift */,
				C0AEA4C923E18093002FD6B7 /* Info.plist */,
			);
			path = FuncionarioTests;
			sourceTree = "<group>";
		};
		C0AEA4D123E18093002FD6B7 /* FuncionarioUITests */ = {
			isa = PBXGroup;
			children = (
				C0AEA4D223E18093002FD6B7 /* FuncionarioUITests.swift */,
				C0AEA4D423E18093002FD6B7 /* Info.plist */,
			);
			path = FuncionarioUITests;
			sourceTree = "<group>";
		};
		C0AEA4E023E180A7002FD6B7 /* Modelo */ = {
			isa = PBXGroup;
			children = (
				C0AEA4E123E18144002FD6B7 /* Gratificacion.swift */,
			);
			path = Modelo;
			sourceTree = "<group>";
		};
/* End PBXGroup section */

/* Begin PBXNativeTarget section */
		C0AEA4AC23E18091002FD6B7 /* Funcionario */ = {
			isa = PBXNativeTarget;
			buildConfigurationList = C0AEA4D723E18093002FD6B7 /* Build configuration list for PBXNativeTarget "Funcionario" */;
			buildPhases = (
				C0AEA4A923E18091002FD6B7 /* Sources */,
				C0AEA4AA23E18091002FD6B7 /* Frameworks */,
				C0AEA4AB23E18091002FD6B7 /* Resources */,
			);
			buildRules = (
			);
			dependencies = (
			);
			name = Funcionario;
			productName = Funcionario;
			productReference = C0AEA4AD23E18091002FD6B7 /* Funcionario.app */;
			productType = "com.apple.product-type.application";
		};
		C0AEA4C223E18093002FD6B7 /* FuncionarioTests */ = {
			isa = PBXNativeTarget;
			buildConfigurationList = C0AEA4DA23E18093002FD6B7 /* Build configuration list for PBXNativeTarget "FuncionarioTests" */;
			buildPhases = (
				C0AEA4BF23E18093002FD6B7 /* Sources */,
				C0AEA4C023E18093002FD6B7 /* Frameworks */,
				C0AEA4C123E18093002FD6B7 /* Resources */,
			);
			buildRules = (
			);
			dependencies = (
				C0AEA4C523E18093002FD6B7 /* PBXTargetDependency */,
			);
			name = FuncionarioTests;
			productName = FuncionarioTests;
			productReference = C0AEA4C323E18093002FD6B7 /* FuncionarioTests.xctest */;
			productType = "com.apple.product-type.bundle.unit-test";
		};
		C0AEA4CD23E18093002FD6B7 /* FuncionarioUITests */ = {
			isa = PBXNativeTarget;
			buildConfigurationList = C0AEA4DD23E18093002FD6B7 /* Build configuration list for PBXNativeTarget "FuncionarioUITests" */;
			buildPhases = (
				C0AEA4CA23E18093002FD6B7 /* Sources */,
				C0AEA4CB23E18093002FD6B7 /* Frameworks */,
				C0AEA4CC23E18093002FD6B7 /* Resources */,
			);
			buildRules = (
			);
			dependencies = (
				C0AEA4D023E18093002FD6B7 /* PBXTargetDependency */,
			);
			name = FuncionarioUITests;
			productName = FuncionarioUITests;
			productReference = C0AEA4CE23E18093002FD6B7 /* FuncionarioUITests.xctest */;
			productType = "com.apple.product-type.bundle.ui-testing";
		};
/* End PBXNativeTarget section */

/* Begin PBXProject section */
		C0AEA4A523E18091002FD6B7 /* Project object */ = {
			isa = PBXProject;
			attributes = {
				LastSwiftUpdateCheck = 1130;
				LastUpgradeCheck = 1130;
				ORGANIZATIONNAME = "Alberto Banet Masa";
				TargetAttributes = {
					C0AEA4AC23E18091002FD6B7 = {
						CreatedOnToolsVersion = 11.3.1;
					};
					C0AEA4C223E18093002FD6B7 = {
						CreatedOnToolsVersion = 11.3.1;
						TestTargetID = C0AEA4AC23E18091002FD6B7;
					};
					C0AEA4CD23E18093002FD6B7 = {
						CreatedOnToolsVersion = 11.3.1;
						TestTargetID = C0AEA4AC23E18091002FD6B7;
					};
				};
			};
			buildConfigurationList = C0AEA4A823E18091002FD6B7 /* Build configuration list for PBXProject "Funcionario" */;
			compatibilityVersion = "Xcode 9.3";
			developmentRegion = en;
			hasScannedForEncodings = 0;
			knownRegions = (
				en,
				Base,
			);
			mainGroup = C0AEA4A423E18091002FD6B7;
			productRefGroup = C0AEA4AE23E18091002FD6B7 /* Products */;
			projectDirPath = "";
			projectRoot = "";
			targets = (
				C0AEA4AC23E18091002FD6B7 /* Funcionario */,
				C0AEA4C223E18093002FD6B7 /* FuncionarioTests */,
				C0AEA4CD23E18093002FD6B7 /* FuncionarioUITests */,
			);
		};
/* End PBXProject section */

/* Begin PBXResourcesBuildPhase section */
		C0AEA4AB23E18091002FD6B7 /* Resources */ = {
			isa = PBXResourcesBuildPhase;
			buildActionMask = 2147483647;
			files = (
				C0AEA4BD23E18093002FD6B7 /* LaunchScreen.storyboard in Resources */,
				C0AEA4BA23E18093002FD6B7 /* Preview Assets.xcassets in Resources */,
				C0AEA4B723E18093002FD6B7 /* Assets.xcassets in Resources */,
			);
			runOnlyForDeploymentPostprocessing = 0;
		};
		C0AEA4C123E18093002FD6B7 /* Resources */ = {
			isa = PBXResourcesBuildPhase;
			buildActionMask = 2147483647;
			files = (
			);
			runOnlyForDeploymentPostprocessing = 0;
		};
		C0AEA4CC23E18093002FD6B7 /* Resources */ = {
			isa = PBXResourcesBuildPhase;
			buildActionMask = 2147483647;
			files = (
			);
			runOnlyForDeploymentPostprocessing = 0;
		};
/* End PBXResourcesBuildPhase section */

/* Begin PBXSourcesBuildPhase section */
		C0AEA4A923E18091002FD6B7 /* Sources */ = {
			isa = PBXSourcesBuildPhase;
			buildActionMask = 2147483647;
			files = (
				C0AEA4B123E18091002FD6B7 /* AppDelegate.swift in Sources */,
				C0AE553123E328DA007A4E27 /* MainView.swift in Sources */,
				C0AEA4E223E18144002FD6B7 /* Gratificacion.swift in Sources */,
				C0AE552F23E325A1007A4E27 /* VistaSelectorDate.swift in Sources */,
				C0AEA4B323E18091002FD6B7 /* SceneDelegate.swift in Sources */,
				C0AEA4B523E18091002FD6B7 /* ContentView.swift in Sources */,
			);
			runOnlyForDeploymentPostprocessing = 0;
		};
		C0AEA4BF23E18093002FD6B7 /* Sources */ = {
			isa = PBXSourcesBuildPhase;
			buildActionMask = 2147483647;
			files = (
				C0AEA4C823E18093002FD6B7 /* FuncionarioTests.swift in Sources */,
			);
			runOnlyForDeploymentPostprocessing = 0;
		};
		C0AEA4CA23E18093002FD6B7 /* Sources */ = {
			isa = PBXSourcesBuildPhase;
			buildActionMask = 2147483647;
			files = (
				C0AEA4D323E18093002FD6B7 /* FuncionarioUITests.swift in Sources */,
			);
			runOnlyForDeploymentPostprocessing = 0;
		};
/* End PBXSourcesBuildPhase section */

/* Begin PBXTargetDependency section */
		C0AEA4C523E18093002FD6B7 /* PBXTargetDependency */ = {
			isa = PBXTargetDependency;
			target = C0AEA4AC23E18091002FD6B7 /* Funcionario */;
			targetProxy = C0AEA4C423E18093002FD6B7 /* PBXContainerItemProxy */;
		};
		C0AEA4D023E18093002FD6B7 /* PBXTargetDependency */ = {
			isa = PBXTargetDependency;
			target = C0AEA4AC23E18091002FD6B7 /* Funcionario */;
			targetProxy = C0AEA4CF23E18093002FD6B7 /* PBXContainerItemProxy */;
		};
/* End PBXTargetDependency section */

/* Begin PBXVariantGroup section */
		C0AEA4BB23E18093002FD6B7 /* LaunchScreen.storyboard */ = {
			isa = PBXVariantGroup;
			children = (
				C0AEA4BC23E18093002FD6B7 /* Base */,
			);
			name = LaunchScreen.storyboard;
			sourceTree = "<group>";
		};
/* End PBXVariantGroup section */

/* Begin XCBuildConfiguration section */
		C0AEA4D523E18093002FD6B7 /* Debug */ = {
			isa = XCBuildConfiguration;
			buildSettings = {
				ALWAYS_SEARCH_USER_PATHS = NO;
				CLANG_ANALYZER_NONNULL = YES;
				CLANG_ANALYZER_NUMBER_OBJECT_CONVERSION = YES_AGGRESSIVE;
				CLANG_CXX_LANGUAGE_STANDARD = "gnu++14";
				CLANG_CXX_LIBRARY = "libc++";
				CLANG_ENABLE_MODULES = YES;
				CLANG_ENABLE_OBJC_ARC = YES;
				CLANG_ENABLE_OBJC_WEAK = YES;
				CLANG_WARN_BLOCK_CAPTURE_AUTORELEASING = YES;
				CLANG_WARN_BOOL_CONVERSION = YES;
				CLANG_WARN_COMMA = YES;
				CLANG_WARN_CONSTANT_CONVERSION = YES;
				CLANG_WARN_DEPRECATED_OBJC_IMPLEMENTATIONS = YES;
				CLANG_WARN_DIRECT_OBJC_ISA_USAGE = YES_ERROR;
				CLANG_WARN_DOCUMENTATION_COMMENTS = YES;
				CLANG_WARN_EMPTY_BODY = YES;
				CLANG_WARN_ENUM_CONVERSION = YES;
				CLANG_WARN_INFINITE_RECURSION = YES;
				CLANG_WARN_INT_CONVERSION = YES;
				CLANG_WARN_NON_LITERAL_NULL_CONVERSION = YES;
				CLANG_WARN_OBJC_IMPLICIT_RETAIN_SELF = YES;
				CLANG_WARN_OBJC_LITERAL_CONVERSION = YES;
				CLANG_WARN_OBJC_ROOT_CLASS = YES_ERROR;
				CLANG_WARN_RANGE_LOOP_ANALYSIS = YES;
				CLANG_WARN_STRICT_PROTOTYPES = YES;
				CLANG_WARN_SUSPICIOUS_MOVE = YES;
				CLANG_WARN_UNGUARDED_AVAILABILITY = YES_AGGRESSIVE;
				CLANG_WARN_UNREACHABLE_CODE = YES;
				CLANG_WARN__DUPLICATE_METHOD_MATCH = YES;
				COPY_PHASE_STRIP = NO;
				DEBUG_INFORMATION_FORMAT = dwarf;
				ENABLE_STRICT_OBJC_MSGSEND = YES;
				ENABLE_TESTABILITY = YES;
				GCC_C_LANGUAGE_STANDARD = gnu11;
				GCC_DYNAMIC_NO_PIC = NO;
				GCC_NO_COMMON_BLOCKS = YES;
				GCC_OPTIMIZATION_LEVEL = 0;
				GCC_PREPROCESSOR_DEFINITIONS = (
					"DEBUG=1",
					"$(inherited)",
				);
				GCC_WARN_64_TO_32_BIT_CONVERSION = YES;
				GCC_WARN_ABOUT_RETURN_TYPE = YES_ERROR;
				GCC_WARN_UNDECLARED_SELECTOR = YES;
				GCC_WARN_UNINITIALIZED_AUTOS = YES_AGGRESSIVE;
				GCC_WARN_UNUSED_FUNCTION = YES;
				GCC_WARN_UNUSED_VARIABLE = YES;
				IPHONEOS_DEPLOYMENT_TARGET = 13.2;
				MTL_ENABLE_DEBUG_INFO = INCLUDE_SOURCE;
				MTL_FAST_MATH = YES;
				ONLY_ACTIVE_ARCH = YES;
				SDKROOT = iphoneos;
				SWIFT_ACTIVE_COMPILATION_CONDITIONS = DEBUG;
				SWIFT_OPTIMIZATION_LEVEL = "-Onone";
			};
			name = Debug;
		};
		C0AEA4D623E18093002FD6B7 /* Release */ = {
			isa = XCBuildConfiguration;
			buildSettings = {
				ALWAYS_SEARCH_USER_PATHS = NO;
				CLANG_ANALYZER_NONNULL = YES;
				CLANG_ANALYZER_NUMBER_OBJECT_CONVERSION = YES_AGGRESSIVE;
				CLANG_CXX_LANGUAGE_STANDARD = "gnu++14";
				CLANG_CXX_LIBRARY = "libc++";
				CLANG_ENABLE_MODULES = YES;
				CLANG_ENABLE_OBJC_ARC = YES;
				CLANG_ENABLE_OBJC_WEAK = YES;
				CLANG_WARN_BLOCK_CAPTURE_AUTORELEASING = YES;
				CLANG_WARN_BOOL_CONVERSION = YES;
				CLANG_WARN_COMMA = YES;
				CLANG_WARN_CONSTANT_CONVERSION = YES;
				CLANG_WARN_DEPRECATED_OBJC_IMPLEMENTATIONS = YES;
				CLANG_WARN_DIRECT_OBJC_ISA_USAGE = YES_ERROR;
				CLANG_WARN_DOCUMENTATION_COMMENTS = YES;
				CLANG_WARN_EMPTY_BODY = YES;
				CLANG_WARN_ENUM_CONVERSION = YES;
				CLANG_WARN_INFINITE_RECURSION = YES;
				CLANG_WARN_INT_CONVERSION = YES;
				CLANG_WARN_NON_LITERAL_NULL_CONVERSION = YES;
				CLANG_WARN_OBJC_IMPLICIT_RETAIN_SELF = YES;
				CLANG_WARN_OBJC_LITERAL_CONVERSION = YES;
				CLANG_WARN_OBJC_ROOT_CLASS = YES_ERROR;
				CLANG_WARN_RANGE_LOOP_ANALYSIS = YES;
				CLANG_WARN_STRICT_PROTOTYPES = YES;
				CLANG_WARN_SUSPICIOUS_MOVE = YES;
				CLANG_WARN_UNGUARDED_AVAILABILITY = YES_AGGRESSIVE;
				CLANG_WARN_UNREACHABLE_CODE = YES;
				CLANG_WARN__DUPLICATE_METHOD_MATCH = YES;
				COPY_PHASE_STRIP = NO;
				DEBUG_INFORMATION_FORMAT = "dwarf-with-dsym";
				ENABLE_NS_ASSERTIONS = NO;
				ENABLE_STRICT_OBJC_MSGSEND = YES;
				GCC_C_LANGUAGE_STANDARD = gnu11;
				GCC_NO_COMMON_BLOCKS = YES;
				GCC_WARN_64_TO_32_BIT_CONVERSION = YES;
				GCC_WARN_ABOUT_RETURN_TYPE = YES_ERROR;
				GCC_WARN_UNDECLARED_SELECTOR = YES;
				GCC_WARN_UNINITIALIZED_AUTOS = YES_AGGRESSIVE;
				GCC_WARN_UNUSED_FUNCTION = YES;
				GCC_WARN_UNUSED_VARIABLE = YES;
				IPHONEOS_DEPLOYMENT_TARGET = 13.2;
				MTL_ENABLE_DEBUG_INFO = NO;
				MTL_FAST_MATH = YES;
				SDKROOT = iphoneos;
				SWIFT_COMPILATION_MODE = wholemodule;
				SWIFT_OPTIMIZATION_LEVEL = "-O";
				VALIDATE_PRODUCT = YES;
			};
			name = Release;
		};
		C0AEA4D823E18093002FD6B7 /* Debug */ = {
			isa = XCBuildConfiguration;
			buildSettings = {
				ASSETCATALOG_COMPILER_APPICON_NAME = AppIcon;
				CODE_SIGN_STYLE = Automatic;
				DEVELOPMENT_ASSET_PATHS = "\"Funcionario/Preview Content\"";
				DEVELOPMENT_TEAM = FLU98JG66T;
				ENABLE_PREVIEWS = YES;
				INFOPLIST_FILE = Funcionario/Info.plist;
				LD_RUNPATH_SEARCH_PATHS = (
					"$(inherited)",
					"@executable_path/Frameworks",
				);
				PRODUCT_BUNDLE_IDENTIFIER = es.codigoswift.Funcionario;
				PRODUCT_NAME = "$(TARGET_NAME)";
				SWIFT_VERSION = 5.0;
				TARGETED_DEVICE_FAMILY = "1,2";
			};
			name = Debug;
		};
		C0AEA4D923E18093002FD6B7 /* Release */ = {
			isa = XCBuildConfiguration;
			buildSettings = {
				ASSETCATALOG_COMPILER_APPICON_NAME = AppIcon;
				CODE_SIGN_STYLE = Automatic;
				DEVELOPMENT_ASSET_PATHS = "\"Funcionario/Preview Content\"";
				DEVELOPMENT_TEAM = FLU98JG66T;
				ENABLE_PREVIEWS = YES;
				INFOPLIST_FILE = Funcionario/Info.plist;
				LD_RUNPATH_SEARCH_PATHS = (
					"$(inherited)",
					"@executable_path/Frameworks",
				);
				PRODUCT_BUNDLE_IDENTIFIER = es.codigoswift.Funcionario;
				PRODUCT_NAME = "$(TARGET_NAME)";
				SWIFT_VERSION = 5.0;
				TARGETED_DEVICE_FAMILY = "1,2";
			};
			name = Release;
		};
		C0AEA4DB23E18093002FD6B7 /* Debug */ = {
			isa = XCBuildConfiguration;
			buildSettings = {
				ALWAYS_EMBED_SWIFT_STANDARD_LIBRARIES = YES;
				BUNDLE_LOADER = "$(TEST_HOST)";
				CODE_SIGN_STYLE = Automatic;
				DEVELOPMENT_TEAM = FLU98JG66T;
				INFOPLIST_FILE = FuncionarioTests/Info.plist;
				IPHONEOS_DEPLOYMENT_TARGET = 13.2;
				LD_RUNPATH_SEARCH_PATHS = (
					"$(inherited)",
					"@executable_path/Frameworks",
					"@loader_path/Frameworks",
				);
				PRODUCT_BUNDLE_IDENTIFIER = es.codigoswift.FuncionarioTests;
				PRODUCT_NAME = "$(TARGET_NAME)";
				SWIFT_VERSION = 5.0;
				TARGETED_DEVICE_FAMILY = "1,2";
				TEST_HOST = "$(BUILT_PRODUCTS_DIR)/Funcionario.app/Funcionario";
			};
			name = Debug;
		};
		C0AEA4DC23E18093002FD6B7 /* Release */ = {
			isa = XCBuildConfiguration;
			buildSettings = {
				ALWAYS_EMBED_SWIFT_STANDARD_LIBRARIES = YES;
				BUNDLE_LOADER = "$(TEST_HOST)";
				CODE_SIGN_STYLE = Automatic;
				DEVELOPMENT_TEAM = FLU98JG66T;
				INFOPLIST_FILE = FuncionarioTests/Info.plist;
				IPHONEOS_DEPLOYMENT_TARGET = 13.2;
				LD_RUNPATH_SEARCH_PATHS = (
					"$(inherited)",
					"@executable_path/Frameworks",
					"@loader_path/Frameworks",
				);
				PRODUCT_BUNDLE_IDENTIFIER = es.codigoswift.FuncionarioTests;
				PRODUCT_NAME = "$(TARGET_NAME)";
				SWIFT_VERSION = 5.0;
				TARGETED_DEVICE_FAMILY = "1,2";
				TEST_HOST = "$(BUILT_PRODUCTS_DIR)/Funcionario.app/Funcionario";
			};
			name = Release;
		};
		C0AEA4DE23E18093002FD6B7 /* Debug */ = {
			isa = XCBuildConfiguration;
			buildSettings = {
				ALWAYS_EMBED_SWIFT_STANDARD_LIBRARIES = YES;
				CODE_SIGN_STYLE = Automatic;
				DEVELOPMENT_TEAM = FLU98JG66T;
				INFOPLIST_FILE = FuncionarioUITests/Info.plist;
				LD_RUNPATH_SEARCH_PATHS = (
					"$(inherited)",
					"@executable_path/Frameworks",
					"@loader_path/Frameworks",
				);
				PRODUCT_BUNDLE_IDENTIFIER = es.codigoswift.FuncionarioUITests;
				PRODUCT_NAME = "$(TARGET_NAME)";
				SWIFT_VERSION = 5.0;
				TARGETED_DEVICE_FAMILY = "1,2";
				TEST_TARGET_NAME = Funcionario;
			};
			name = Debug;
		};
		C0AEA4DF23E18093002FD6B7 /* Release */ = {
			isa = XCBuildConfiguration;
			buildSettings = {
				ALWAYS_EMBED_SWIFT_STANDARD_LIBRARIES = YES;
				CODE_SIGN_STYLE = Automatic;
				DEVELOPMENT_TEAM = FLU98JG66T;
				INFOPLIST_FILE = FuncionarioUITests/Info.plist;
				LD_RUNPATH_SEARCH_PATHS = (
					"$(inherited)",
					"@executable_path/Frameworks",
					"@loader_path/Frameworks",
				);
				PRODUCT_BUNDLE_IDENTIFIER = es.codigoswift.FuncionarioUITests;
				PRODUCT_NAME = "$(TARGET_NAME)";
				SWIFT_VERSION = 5.0;
				TARGETED_DEVICE_FAMILY = "1,2";
				TEST_TARGET_NAME = Funcionario;
			};
			name = Release;
		};
/* End XCBuildConfiguration section */

/* Begin XCConfigurationList section */
		C0AEA4A823E18091002FD6B7 /* Build configuration list for PBXProject "Funcionario" */ = {
			isa = XCConfigurationList;
			buildConfigurations = (
				C0AEA4D523E18093002FD6B7 /* Debug */,
				C0AEA4D623E18093002FD6B7 /* Release */,
			);
			defaultConfigurationIsVisible = 0;
			defaultConfigurationName = Release;
		};
		C0AEA4D723E18093002FD6B7 /* Build configuration list for PBXNativeTarget "Funcionario" */ = {
			isa = XCConfigurationList;
			buildConfigurations = (
				C0AEA4D823E18093002FD6B7 /* Debug */,
				C0AEA4D923E18093002FD6B7 /* Release */,
			);
			defaultConfigurationIsVisible = 0;
			defaultConfigurationName = Release;
		};
		C0AEA4DA23E18093002FD6B7 /* Build configuration list for PBXNativeTarget "FuncionarioTests" */ = {
			isa = XCConfigurationList;
			buildConfigurations = (
				C0AEA4DB23E18093002FD6B7 /* Debug */,
				C0AEA4DC23E18093002FD6B7 /* Release */,
			);
			defaultConfigurationIsVisible = 0;
			defaultConfigurationName = Release;
		};
		C0AEA4DD23E18093002FD6B7 /* Build configuration list for PBXNativeTarget "FuncionarioUITests" */ = {
			isa = XCConfigurationList;
			buildConfigurations = (
				C0AEA4DE23E18093002FD6B7 /* Debug */,
				C0AEA4DF23E18093002FD6B7 /* Release */,
			);
			defaultConfigurationIsVisible = 0;
			defaultConfigurationName = Release;
		};
/* End XCConfigurationList section */
	};
	rootObject = C0AEA4A523E18091002FD6B7 /* Project object */;
}
